
Microsoft Visual Studio Solution File, Format Version 12.00
# Visual Studio Version 17
VisualStudioVersion = 17.5.33502.453
MinimumVisualStudioVersion = 10.0.40219.1
Project("{FAE04EC0-301F-11D3-BF4B-00C04F79EFBC}") = "Atm_1_k", "Atm_1_k\Atm_1_k.csproj", "{3897F1E2-3C17-48B6-A0EA-2B900F40E6FC}"
EndProject
Global
	GlobalSection(SolutionConfigurationPlatforms) = preSolution
		Debug|Any CPU = Debug|Any CPU
		Release|Any CPU = Release|Any CPU
	EndGlobalSection
	GlobalSection(ProjectConfigurationPlatforms) = postSolution
		{3897F1E2-3C17-48B6-A0EA-2B900F40E6FC}.Debug|Any CPU.ActiveCfg = Debug|Any CPU
		{3897F1E2-3C17-48B6-A0EA-2B900F40E6FC}.Debug|Any CPU.Build.0 = Debug|Any CPU
		{3897F1E2-3C17-48B6-A0EA-2B900F40E6FC}.Release|Any CPU.ActiveCfg = Release|Any CPU
		{3897F1E2-3C17-48B6-A0EA-2B900F40E6FC}.Release|Any CPU.Build.0 = Release|Any CPU
	EndGlobalSection
	GlobalSection(SolutionProperties) = preSolution
		HideSolutionNode = FALSE
	EndGlobalSection
	GlobalSection(ExtensibilityGlobals) = postSolution
		SolutionGuid = {803CCA9F-3A7A-49E2-B129-9EC05C1E3926}
	EndGlobalSection
EndGlobal
